
Microsoft Visual Studio Solution File, Format Version 12.00
# Visual Studio Version 16
VisualStudioVersion = 16.0.31410.357
MinimumVisualStudioVersion = 10.0.40219.1
Project("{9A19103F-16F7-4668-BE54-9A1E7A4F7556}") = "DMfT.Host", "src\DMfT.Host\DMfT.Host.csproj", "{A1A24DA0-0554-4F16-B1D1-BF8AF29B58F8}"
EndProject
Project("{9A19103F-16F7-4668-BE54-9A1E7A4F7556}") = "DMfT.Contracts", "src\DMfT.Contracts\DMfT.Contracts.csproj", "{4A65E6E9-235D-44BD-A67F-DA90248D6448}"
EndProject
Project("{9A19103F-16F7-4668-BE54-9A1E7A4F7556}") = "DMfT.Domain", "src\DMfT.Domain\DMfT.Domain.csproj", "{2B75A3E5-7DD5-42C3-B0E1-159CFA196769}"
EndProject
Project("{9A19103F-16F7-4668-BE54-9A1E7A4F7556}") = "DMfT.DataAccess", "src\DMfT.DataAccess\DMfT.DataAccess.csproj", "{3C2F6040-8A6E-4457-8DD9-0D3D578A3237}"
EndProject
Project("{9A19103F-16F7-4668-BE54-9A1E7A4F7556}") = "DMfT.App", "src\DMfT.App\DMfT.App.csproj", "{B00C4B21-45D6-49CF-ABC7-99CDFFB08B31}"
EndProject
Project("{2150E333-8FDC-42A3-9474-1A3956D46DE8}") = "src", "src", "{C97D5E25-6973-424C-A9B0-F4CCA528F89E}"
EndProject
Project("{2150E333-8FDC-42A3-9474-1A3956D46DE8}") = "tests", "tests", "{23BB9371-78DF-4E8D-BC12-807ADB66ECFA}"
EndProject
Project("{FAE04EC0-301F-11D3-BF4B-00C04F79EFBC}") = "DMfT.UnitTests", "tests\DMfT.UnitTests\DMfT.UnitTests.csproj", "{EDE07165-27EF-4839-9ED4-2E937E97AAC7}"
EndProject
Global
	GlobalSection(SolutionConfigurationPlatforms) = preSolution
		Debug|Any CPU = Debug|Any CPU
		Release|Any CPU = Release|Any CPU
	EndGlobalSection
	GlobalSection(ProjectConfigurationPlatforms) = postSolution
		{A1A24DA0-0554-4F16-B1D1-BF8AF29B58F8}.Debug|Any CPU.ActiveCfg = Debug|Any CPU
		{A1A24DA0-0554-4F16-B1D1-BF8AF29B58F8}.Debug|Any CPU.Build.0 = Debug|Any CPU
		{A1A24DA0-0554-4F16-B1D1-BF8AF29B58F8}.Release|Any CPU.ActiveCfg = Release|Any CPU
		{A1A24DA0-0554-4F16-B1D1-BF8AF29B58F8}.Release|Any CPU.Build.0 = Release|Any CPU
		{4A65E6E9-235D-44BD-A67F-DA90248D6448}.Debug|Any CPU.ActiveCfg = Debug|Any CPU
		{4A65E6E9-235D-44BD-A67F-DA90248D6448}.Debug|Any CPU.Build.0 = Debug|Any CPU
		{4A65E6E9-235D-44BD-A67F-DA90248D6448}.Release|Any CPU.ActiveCfg = Release|Any CPU
		{4A65E6E9-235D-44BD-A67F-DA90248D6448}.Release|Any CPU.Build.0 = Release|Any CPU
		{2B75A3E5-7DD5-42C3-B0E1-159CFA196769}.Debug|Any CPU.ActiveCfg = Debug|Any CPU
		{2B75A3E5-7DD5-42C3-B0E1-159CFA196769}.Debug|Any CPU.Build.0 = Debug|Any CPU
		{2B75A3E5-7DD5-42C3-B0E1-159CFA196769}.Release|Any CPU.ActiveCfg = Release|Any CPU
		{2B75A3E5-7DD5-42C3-B0E1-159CFA196769}.Release|Any CPU.Build.0 = Release|Any CPU
		{3C2F6040-8A6E-4457-8DD9-0D3D578A3237}.Debug|Any CPU.ActiveCfg = Debug|Any CPU
		{3C2F6040-8A6E-4457-8DD9-0D3D578A3237}.Debug|Any CPU.Build.0 = Debug|Any CPU
		{3C2F6040-8A6E-4457-8DD9-0D3D578A3237}.Release|Any CPU.ActiveCfg = Release|Any CPU
		{3C2F6040-8A6E-4457-8DD9-0D3D578A3237}.Release|Any CPU.Build.0 = Release|Any CPU
		{B00C4B21-45D6-49CF-ABC7-99CDFFB08B31}.Debug|Any CPU.ActiveCfg = Debug|Any CPU
		{B00C4B21-45D6-49CF-ABC7-99CDFFB08B31}.Debug|Any CPU.Build.0 = Debug|Any CPU
		{B00C4B21-45D6-49CF-ABC7-99CDFFB08B31}.Release|Any CPU.ActiveCfg = Release|Any CPU
		{B00C4B21-45D6-49CF-ABC7-99CDFFB08B31}.Release|Any CPU.Build.0 = Release|Any CPU
		{EDE07165-27EF-4839-9ED4-2E937E97AAC7}.Debug|Any CPU.ActiveCfg = Debug|Any CPU
		{EDE07165-27EF-4839-9ED4-2E937E97AAC7}.Debug|Any CPU.Build.0 = Debug|Any CPU
		{EDE07165-27EF-4839-9ED4-2E937E97AAC7}.Release|Any CPU.ActiveCfg = Release|Any CPU
		{EDE07165-27EF-4839-9ED4-2E937E97AAC7}.Release|Any CPU.Build.0 = Release|Any CPU
	EndGlobalSection
	GlobalSection(SolutionProperties) = preSolution
		HideSolutionNode = FALSE
	EndGlobalSection
	GlobalSection(NestedProjects) = preSolution
		{A1A24DA0-0554-4F16-B1D1-BF8AF29B58F8} = {C97D5E25-6973-424C-A9B0-F4CCA528F89E}
		{4A65E6E9-235D-44BD-A67F-DA90248D6448} = {C97D5E25-6973-424C-A9B0-F4CCA528F89E}
		{2B75A3E5-7DD5-42C3-B0E1-159CFA196769} = {C97D5E25-6973-424C-A9B0-F4CCA528F89E}
		{3C2F6040-8A6E-4457-8DD9-0D3D578A3237} = {C97D5E25-6973-424C-A9B0-F4CCA528F89E}
		{B00C4B21-45D6-49CF-ABC7-99CDFFB08B31} = {C97D5E25-6973-424C-A9B0-F4CCA528F89E}
		{EDE07165-27EF-4839-9ED4-2E937E97AAC7} = {23BB9371-78DF-4E8D-BC12-807ADB66ECFA}
	EndGlobalSection
	GlobalSection(ExtensibilityGlobals) = postSolution
		SolutionGuid = {90C0A85B-BF2C-4BAC-9899-46F55F1648CD}
	EndGlobalSection
EndGlobal
